
Microsoft Visual Studio Solution File, Format Version 12.00
# Visual Studio Version 16
VisualStudioVersion = 16.0.31019.35
MinimumVisualStudioVersion = 10.0.40219.1
Project("{F184B08F-C81C-45F6-A57F-5ABD9991F28F}") = "VB_School_Management_System", "VB_School_Management_System\VB_School_Management_System.vbproj", "{563E1537-7EC0-46EA-95F6-3FA48A0EE9F8}"
EndProject
Global
	GlobalSection(SolutionConfigurationPlatforms) = preSolution
		Debug|Any CPU = Debug|Any CPU
		Release|Any CPU = Release|Any CPU
	EndGlobalSection
	GlobalSection(ProjectConfigurationPlatforms) = postSolution
		{563E1537-7EC0-46EA-95F6-3FA48A0EE9F8}.Debug|Any CPU.ActiveCfg = Debug|Any CPU
		{563E1537-7EC0-46EA-95F6-3FA48A0EE9F8}.Debug|Any CPU.Build.0 = Debug|Any CPU
		{563E1537-7EC0-46EA-95F6-3FA48A0EE9F8}.Release|Any CPU.ActiveCfg = Release|Any CPU
		{563E1537-7EC0-46EA-95F6-3FA48A0EE9F8}.Release|Any CPU.Build.0 = Release|Any CPU
	EndGlobalSection
	GlobalSection(SolutionProperties) = preSolution
		HideSolutionNode = FALSE
	EndGlobalSection
	GlobalSection(ExtensibilityGlobals) = postSolution
		SolutionGuid = {B4C3095B-3B13-40FD-98B7-BCCE478E6ED1}
	EndGlobalSection
EndGlobal
